
Microsoft Visual Studio Solution File, Format Version 12.00
# Visual Studio Version 17
VisualStudioVersion = 17.3.32922.545
MinimumVisualStudioVersion = 10.0.40219.1
Project("{9A19103F-16F7-4668-BE54-9A1E7A4F7556}") = "ProjetoMvcPottencial", "ProjetoMvcPottencial.csproj", "{8EFEA586-0D0E-4636-98A6-1F416778887C}"
EndProject
Global
	GlobalSection(SolutionConfigurationPlatforms) = preSolution
		Debug|Any CPU = Debug|Any CPU
		Release|Any CPU = Release|Any CPU
	EndGlobalSection
	GlobalSection(ProjectConfigurationPlatforms) = postSolution
		{8EFEA586-0D0E-4636-98A6-1F416778887C}.Debug|Any CPU.ActiveCfg = Debug|Any CPU
		{8EFEA586-0D0E-4636-98A6-1F416778887C}.Debug|Any CPU.Build.0 = Debug|Any CPU
		{8EFEA586-0D0E-4636-98A6-1F416778887C}.Release|Any CPU.ActiveCfg = Release|Any CPU
		{8EFEA586-0D0E-4636-98A6-1F416778887C}.Release|Any CPU.Build.0 = Release|Any CPU
	EndGlobalSection
	GlobalSection(SolutionProperties) = preSolution
		HideSolutionNode = FALSE
	EndGlobalSection
	GlobalSection(ExtensibilityGlobals) = postSolution
		SolutionGuid = {EDED888A-24F8-4348-90A9-D07C59849944}
	EndGlobalSection
EndGlobal
